schema: '2.0'
stages:
  data_gathering:
    cmd: python3 src/data/make_dataset.py
    deps:
    - path: src/data/make_dataset.py
      hash: md5
      md5: cb695e08506e44335e05298c9c783937
      size: 797
    outs:
    - path: data/raw
      hash: md5
      md5: dabfe9266eaeba1b69f3fe54d5722a71.dir
      size: 1096473
      nfiles: 1
  data_cleaning:
    cmd: python3 src/data/data_cleaning.py
    deps:
    - path: data/raw/flight_price.csv
      hash: md5
      md5: ea995518999e47766c19cedb8b1510bf
      size: 1096473
    - path: src/data/data_cleaning.py
      hash: md5
      md5: a66d75733809995d297e44291a2b2436
      size: 2889
    outs:
    - path: data/interim
      hash: md5
      md5: f5268c56ca47561b1e0f345b3b117368.dir
      size: 1372946
      nfiles: 1
  data_transformation:
    cmd: python3 src/data/data_transformation.py
    deps:
    - path: data/interim/cleaned_flight_price.csv
      hash: md5
      md5: 0eb8abcb4bb40d913070da420a7e6472
      size: 1372946
    - path: src/data/data_transformation.py
      hash: md5
      md5: dcf2de36a5aecc91fba8a5b62cfff3b4
      size: 1552
    outs:
    - path: data/transformed
      hash: md5
      md5: aa3e9d22c225ba52d9bd19845b46848d.dir
      size: 911534
      nfiles: 1
