schema: '2.0'
stages:
  data_gathering:
    cmd: python3 src/data/make_dataset.py
    deps:
    - path: src/data/make_dataset.py
      hash: md5
      md5: cb695e08506e44335e05298c9c783937
      size: 797
    outs:
    - path: data/raw
      hash: md5
      md5: dabfe9266eaeba1b69f3fe54d5722a71.dir
      size: 1096473
      nfiles: 1
  data_cleaning:
    cmd: python3 src/data/data_cleaning.py
    deps:
    - path: data/raw/flight_price.csv
      hash: md5
      md5: ea995518999e47766c19cedb8b1510bf
      size: 1096473
    - path: src/data/data_cleaning.py
      hash: md5
      md5: 53733bd0f20061e19982a87b304d2cbc
      size: 3046
    outs:
    - path: data/interim
      hash: md5
      md5: d092f4b45039053c62b98519fb80fb15.dir
      size: 1429963
      nfiles: 1
  data_transformation:
    cmd: python3 src/data/data_transformation.py
    deps:
    - path: data/interim/cleaned_flight_price.csv
      hash: md5
      md5: faedc49409196c85cf72acf0b0c16f65
      size: 1429963
    - path: src/data/data_transformation.py
      hash: md5
      md5: 7bd02274da56d6837887b1c757b1f668
      size: 2305
    outs:
    - path: data/split
      hash: md5
      md5: 3c83a7fe8f4dd6b998cc271257418042.dir
      size: 1229618
      nfiles: 4
    - path: data/transformed
      hash: md5
      md5: 70e76facb3512b78f1087137e9309dbc.dir
      size: 1537495
      nfiles: 1
